// !$*UTF8*$!
{
	archiveVersion = 1;
	classes = {
	};
	objectVersion = 56;
	objects = {

/* Begin PBXBuildFile section */
		56EC70942C0242F4005F8C6E /* AppDelegate.swift in Sources */ = {isa = PBXBuildFile; fileRef = 56EC70932C0242F4005F8C6E /* AppDelegate.swift */; };
		56EC70962C0242F4005F8C6E /* SceneDelegate.swift in Sources */ = {isa = PBXBuildFile; fileRef = 56EC70952C0242F4005F8C6E /* SceneDelegate.swift */; };
		56EC70982C0242F4005F8C6E /* ViewController.swift in Sources */ = {isa = PBXBuildFile; fileRef = 56EC70972C0242F4005F8C6E /* ViewController.swift */; };
		56EC709B2C0242F4005F8C6E /* Base in Resources */ = {isa = PBXBuildFile; fileRef = 56EC709A2C0242F4005F8C6E /* Base */; };
		56EC709D2C0242F5005F8C6E /* Assets.xcassets in Resources */ = {isa = PBXBuildFile; fileRef = 56EC709C2C0242F5005F8C6E /* Assets.xcassets */; };
		56EC70A02C0242F5005F8C6E /* Base in Resources */ = {isa = PBXBuildFile; fileRef = 56EC709F2C0242F5005F8C6E /* Base */; };
		56EC70AB2C0242F6005F8C6E /* CPSC5330_Assignment_1Tests.swift in Sources */ = {isa = PBXBuildFile; fileRef = 56EC70AA2C0242F6005F8C6E /* CPSC5330_Assignment_1Tests.swift */; };
		56EC70B52C0242F6005F8C6E /* CPSC5330_Assignment_1UITests.swift in Sources */ = {isa = PBXBuildFile; fileRef = 56EC70B42C0242F6005F8C6E /* CPSC5330_Assignment_1UITests.swift */; };
		56EC70B72C0242F6005F8C6E /* CPSC5330_Assignment_1UITestsLaunchTests.swift in Sources */ = {isa = PBXBuildFile; fileRef = 56EC70B62C0242F6005F8C6E /* CPSC5330_Assignment_1UITestsLaunchTests.swift */; };
/* End PBXBuildFile section */

/* Begin PBXContainerItemProxy section */
		56EC70A72C0242F6005F8C6E /* PBXContainerItemProxy */ = {
			isa = PBXContainerItemProxy;
			containerPortal = 56EC70882C0242F4005F8C6E /* Project object */;
			proxyType = 1;
			remoteGlobalIDString = 56EC708F2C0242F4005F8C6E;
			remoteInfo = "CPSC5330 Assignment 1";
		};
		56EC70B12C0242F6005F8C6E /* PBXContainerItemProxy */ = {
			isa = PBXContainerItemProxy;
			containerPortal = 56EC70882C0242F4005F8C6E /* Project object */;
			proxyType = 1;
			remoteGlobalIDString = 56EC708F2C0242F4005F8C6E;
			remoteInfo = "CPSC5330 Assignment 1";
		};
/* End PBXContainerItemProxy section */

/* Begin PBXFileReference section */
		56EC70902C0242F4005F8C6E /* CPSC5330 Assignment 1.app */ = {isa = PBXFileReference; explicitFileType = wrapper.application; includeInIndex = 0; path = "CPSC5330 Assignment 1.app"; sourceTree = BUILT_PRODUCTS_DIR; };
		56EC70932C0242F4005F8C6E /* AppDelegate.swift */ = {isa = PBXFileReference; lastKnownFileType = sourcecode.swift; path = AppDelegate.swift; sourceTree = "<group>"; };
		56EC70952C0242F4005F8C6E /* SceneDelegate.swift */ = {isa = PBXFileReference; lastKnownFileType = sourcecode.swift; path = SceneDelegate.swift; sourceTree = "<group>"; };
		56EC70972C0242F4005F8C6E /* ViewController.swift */ = {isa = PBXFileReference; lastKnownFileType = sourcecode.swift; path = ViewController.swift; sourceTree = "<group>"; };
		56EC709A2C0242F4005F8C6E /* Base */ = {isa = PBXFileReference; lastKnownFileType = file.storyboard; name = Base; path = Base.lproj/Main.storyboard; sourceTree = "<group>"; };
		56EC709C2C0242F5005F8C6E /* Assets.xcassets */ = {isa = PBXFileReference; lastKnownFileType = folder.assetcatalog; path = Assets.xcassets; sourceTree = "<group>"; };
		56EC709F2C0242F5005F8C6E /* Base */ = {isa = PBXFileReference; lastKnownFileType = file.storyboard; name = Base; path = Base.lproj/LaunchScreen.storyboard; sourceTree = "<group>"; };
		56EC70A12C0242F5005F8C6E /* Info.plist */ = {isa = PBXFileReference; lastKnownFileType = text.plist.xml; path = Info.plist; sourceTree = "<group>"; };
		56EC70A62C0242F6005F8C6E /* CPSC5330 Assignment 1Tests.xctest */ = {isa = PBXFileReference; explicitFileType = wrapper.cfbundle; includeInIndex = 0; path = "CPSC5330 Assignment 1Tests.xctest"; sourceTree = BUILT_PRODUCTS_DIR; };
		56EC70AA2C0242F6005F8C6E /* CPSC5330_Assignment_1Tests.swift */ = {isa = PBXFileReference; lastKnownFileType = sourcecode.swift; path = CPSC5330_Assignment_1Tests.swift; sourceTree = "<group>"; };
		56EC70B02C0242F6005F8C6E /* CPSC5330 Assignment 1UITests.xctest */ = {isa = PBXFileReference; explicitFileType = wrapper.cfbundle; includeInIndex = 0; path = "CPSC5330 Assignment 1UITests.xctest"; sourceTree = BUILT_PRODUCTS_DIR; };
		56EC70B42C0242F6005F8C6E /* CPSC5330_Assignment_1UITests.swift */ = {isa = PBXFileReference; lastKnownFileType = sourcecode.swift; path = CPSC5330_Assignment_1UITests.swift; sourceTree = "<group>"; };
		56EC70B62C0242F6005F8C6E /* CPSC5330_Assignment_1UITestsLaunchTests.swift */ = {isa = PBXFileReference; lastKnownFileType = sourcecode.swift; path = CPSC5330_Assignment_1UITestsLaunchTests.swift; sourceTree = "<group>"; };
/* End PBXFileReference section */

/* Begin PBXFrameworksBuildPhase section */
		56EC708D2C0242F4005F8C6E /* Frameworks */ = {
			isa = PBXFrameworksBuildPhase;
			buildActionMask = 2147483647;
			files = (
			);
			runOnlyForDeploymentPostprocessing = 0;
		};
		56EC70A32C0242F6005F8C6E /* Frameworks */ = {
			isa = PBXFrameworksBuildPhase;
			buildActionMask = 2147483647;
			files = (
			);
			runOnlyForDeploymentPostprocessing = 0;
		};
		56EC70AD2C0242F6005F8C6E /* Frameworks */ = {
			isa = PBXFrameworksBuildPhase;
			buildActionMask = 2147483647;
			files = (
			);
			runOnlyForDeploymentPostprocessing = 0;
		};
/* End PBXFrameworksBuildPhase section */

/* Begin PBXGroup section */
		56EC70872C0242F4005F8C6E = {
			isa = PBXGroup;
			children = (
				56EC70922C0242F4005F8C6E /* CPSC5330 Assignment 1 */,
				56EC70A92C0242F6005F8C6E /* CPSC5330 Assignment 1Tests */,
				56EC70B32C0242F6005F8C6E /* CPSC5330 Assignment 1UITests */,
				56EC70912C0242F4005F8C6E /* Products */,
			);
			sourceTree = "<group>";
		};
		56EC70912C0242F4005F8C6E /* Products */ = {
			isa = PBXGroup;
			children = (
				56EC70902C0242F4005F8C6E /* CPSC5330 Assignment 1.app */,
				56EC70A62C0242F6005F8C6E /* CPSC5330 Assignment 1Tests.xctest */,
				56EC70B02C0242F6005F8C6E /* CPSC5330 Assignment 1UITests.xctest */,
			);
			name = Products;
			sourceTree = "<group>";
		};
		56EC70922C0242F4005F8C6E /* CPSC5330 Assignment 1 */ = {
			isa = PBXGroup;
			children = (
				56EC70932C0242F4005F8C6E /* AppDelegate.swift */,
				56EC70952C0242F4005F8C6E /* SceneDelegate.swift */,
				56EC70972C0242F4005F8C6E /* ViewController.swift */,
				56EC70992C0242F4005F8C6E /* Main.storyboard */,
				56EC709C2C0242F5005F8C6E /* Assets.xcassets */,
				56EC709E2C0242F5005F8C6E /* LaunchScreen.storyboard */,
				56EC70A12C0242F5005F8C6E /* Info.plist */,
			);
			path = "CPSC5330 Assignment 1";
			sourceTree = "<group>";
		};
		56EC70A92C0242F6005F8C6E /* CPSC5330 Assignment 1Tests */ = {
			isa = PBXGroup;
			children = (
				56EC70AA2C0242F6005F8C6E /* CPSC5330_Assignment_1Tests.swift */,
			);
			path = "CPSC5330 Assignment 1Tests";
			sourceTree = "<group>";
		};
		56EC70B32C0242F6005F8C6E /* CPSC5330 Assignment 1UITests */ = {
			isa = PBXGroup;
			children = (
				56EC70B42C0242F6005F8C6E /* CPSC5330_Assignment_1UITests.swift */,
				56EC70B62C0242F6005F8C6E /* CPSC5330_Assignment_1UITestsLaunchTests.swift */,
			);
			path = "CPSC5330 Assignment 1UITests";
			sourceTree = "<group>";
		};
/* End PBXGroup section */

/* Begin PBXNativeTarget section */
		56EC708F2C0242F4005F8C6E /* CPSC5330 Assignment 1 */ = {
			isa = PBXNativeTarget;
			buildConfigurationList = 56EC70BA2C0242F6005F8C6E /* Build configuration list for PBXNativeTarget "CPSC5330 Assignment 1" */;
			buildPhases = (
				56EC708C2C0242F4005F8C6E /* Sources */,
				56EC708D2C0242F4005F8C6E /* Frameworks */,
				56EC708E2C0242F4005F8C6E /* Resources */,
			);
			buildRules = (
			);
			dependencies = (
			);
			name = "CPSC5330 Assignment 1";
			productName = "CPSC5330 Assignment 1";
			productReference = 56EC70902C0242F4005F8C6E /* CPSC5330 Assignment 1.app */;
			productType = "com.apple.product-type.application";
		};
		56EC70A52C0242F6005F8C6E /* CPSC5330 Assignment 1Tests */ = {
			isa = PBXNativeTarget;
			buildConfigurationList = 56EC70BD2C0242F6005F8C6E /* Build configuration list for PBXNativeTarget "CPSC5330 Assignment 1Tests" */;
			buildPhases = (
				56EC70A22C0242F6005F8C6E /* Sources */,
				56EC70A32C0242F6005F8C6E /* Frameworks */,
				56EC70A42C0242F6005F8C6E /* Resources */,
			);
			buildRules = (
			);
			dependencies = (
				56EC70A82C0242F6005F8C6E /* PBXTargetDependency */,
			);
			name = "CPSC5330 Assignment 1Tests";
			productName = "CPSC5330 Assignment 1Tests";
			productReference = 56EC70A62C0242F6005F8C6E /* CPSC5330 Assignment 1Tests.xctest */;
			productType = "com.apple.product-type.bundle.unit-test";
		};
		56EC70AF2C0242F6005F8C6E /* CPSC5330 Assignment 1UITests */ = {
			isa = PBXNativeTarget;
			buildConfigurationList = 56EC70C02C0242F6005F8C6E /* Build configuration list for PBXNativeTarget "CPSC5330 Assignment 1UITests" */;
			buildPhases = (
				56EC70AC2C0242F6005F8C6E /* Sources */,
				56EC70AD2C0242F6005F8C6E /* Frameworks */,
				56EC70AE2C0242F6005F8C6E /* Resources */,
			);
			buildRules = (
			);
			dependencies = (
				56EC70B22C0242F6005F8C6E /* PBXTargetDependency */,
			);
			name = "CPSC5330 Assignment 1UITests";
			productName = "CPSC5330 Assignment 1UITests";
			productReference = 56EC70B02C0242F6005F8C6E /* CPSC5330 Assignment 1UITests.xctest */;
			productType = "com.apple.product-type.bundle.ui-testing";
		};
/* End PBXNativeTarget section */

/* Begin PBXProject section */
		56EC70882C0242F4005F8C6E /* Project object */ = {
			isa = PBXProject;
			attributes = {
				BuildIndependentTargetsInParallel = 1;
				LastSwiftUpdateCheck = 1540;
				LastUpgradeCheck = 1540;
				TargetAttributes = {
					56EC708F2C0242F4005F8C6E = {
						CreatedOnToolsVersion = 15.4;
					};
					56EC70A52C0242F6005F8C6E = {
						CreatedOnToolsVersion = 15.4;
						TestTargetID = 56EC708F2C0242F4005F8C6E;
					};
					56EC70AF2C0242F6005F8C6E = {
						CreatedOnToolsVersion = 15.4;
						TestTargetID = 56EC708F2C0242F4005F8C6E;
					};
				};
			};
			buildConfigurationList = 56EC708B2C0242F4005F8C6E /* Build configuration list for PBXProject "CPSC5330 Assignment 1" */;
			compatibilityVersion = "Xcode 14.0";
			developmentRegion = en;
			hasScannedForEncodings = 0;
			knownRegions = (
				en,
				Base,
			);
			mainGroup = 56EC70872C0242F4005F8C6E;
			productRefGroup = 56EC70912C0242F4005F8C6E /* Products */;
			projectDirPath = "";
			projectRoot = "";
			targets = (
				56EC708F2C0242F4005F8C6E /* CPSC5330 Assignment 1 */,
				56EC70A52C0242F6005F8C6E /* CPSC5330 Assignment 1Tests */,
				56EC70AF2C0242F6005F8C6E /* CPSC5330 Assignment 1UITests */,
			);
		};
/* End PBXProject section */

/* Begin PBXResourcesBuildPhase section */
		56EC708E2C0242F4005F8C6E /* Resources */ = {
			isa = PBXResourcesBuildPhase;
			buildActionMask = 2147483647;
			files = (
				56EC709D2C0242F5005F8C6E /* Assets.xcassets in Resources */,
				56EC70A02C0242F5005F8C6E /* Base in Resources */,
				56EC709B2C0242F4005F8C6E /* Base in Resources */,
			);
			runOnlyForDeploymentPostprocessing = 0;
		};
		56EC70A42C0242F6005F8C6E /* Resources */ = {
			isa = PBXResourcesBuildPhase;
			buildActionMask = 2147483647;
			files = (
			);
			runOnlyForDeploymentPostprocessing = 0;
		};
		56EC70AE2C0242F6005F8C6E /* Resources */ = {
			isa = PBXResourcesBuildPhase;
			buildActionMask = 2147483647;
			files = (
			);
			runOnlyForDeploymentPostprocessing = 0;
		};
/* End PBXResourcesBuildPhase section */

/* Begin PBXSourcesBuildPhase section */
		56EC708C2C0242F4005F8C6E /* Sources */ = {
			isa = PBXSourcesBuildPhase;
			buildActionMask = 2147483647;
			files = (
				56EC70982C0242F4005F8C6E /* ViewController.swift in Sources */,
				56EC70942C0242F4005F8C6E /* AppDelegate.swift in Sources */,
				56EC70962C0242F4005F8C6E /* SceneDelegate.swift in Sources */,
			);
			runOnlyForDeploymentPostprocessing = 0;
		};
		56EC70A22C0242F6005F8C6E /* Sources */ = {
			isa = PBXSourcesBuildPhase;
			buildActionMask = 2147483647;
			files = (
				56EC70AB2C0242F6005F8C6E /* CPSC5330_Assignment_1Tests.swift in Sources */,
			);
			runOnlyForDeploymentPostprocessing = 0;
		};
		56EC70AC2C0242F6005F8C6E /* Sources */ = {
			isa = PBXSourcesBuildPhase;
			buildActionMask = 2147483647;
			files = (
				56EC70B52C0242F6005F8C6E /* CPSC5330_Assignment_1UITests.swift in Sources */,
				56EC70B72C0242F6005F8C6E /* CPSC5330_Assignment_1UITestsLaunchTests.swift in Sources */,
			);
			runOnlyForDeploymentPostprocessing = 0;
		};
/* End PBXSourcesBuildPhase section */

/* Begin PBXTargetDependency section */
		56EC70A82C0242F6005F8C6E /* PBXTargetDependency */ = {
			isa = PBXTargetDependency;
			target = 56EC708F2C0242F4005F8C6E /* CPSC5330 Assignment 1 */;
			targetProxy = 56EC70A72C0242F6005F8C6E /* PBXContainerItemProxy */;
		};
		56EC70B22C0242F6005F8C6E /* PBXTargetDependency */ = {
			isa = PBXTargetDependency;
			target = 56EC708F2C0242F4005F8C6E /* CPSC5330 Assignment 1 */;
			targetProxy = 56EC70B12C0242F6005F8C6E /* PBXContainerItemProxy */;
		};
/* End PBXTargetDependency section */

/* Begin PBXVariantGroup section */
		56EC70992C0242F4005F8C6E /* Main.storyboard */ = {
			isa = PBXVariantGroup;
			children = (
				56EC709A2C0242F4005F8C6E /* Base */,
			);
			name = Main.storyboard;
			sourceTree = "<group>";
		};
		56EC709E2C0242F5005F8C6E /* LaunchScreen.storyboard */ = {
			isa = PBXVariantGroup;
			children = (
				56EC709F2C0242F5005F8C6E /* Base */,
			);
			name = LaunchScreen.storyboard;
			sourceTree = "<group>";
		};
/* End PBXVariantGroup section */

/* Begin XCBuildConfiguration section */
		56EC70B82C0242F6005F8C6E /* Debug */ = {
			isa = XCBuildConfiguration;
			buildSettings = {
				ALWAYS_SEARCH_USER_PATHS = NO;
				ASSETCATALOG_COMPILER_GENERATE_SWIFT_ASSET_SYMBOL_EXTENSIONS = YES;
				CLANG_ANALYZER_NONNULL = YES;
				CLANG_ANALYZER_NUMBER_OBJECT_CONVERSION = YES_AGGRESSIVE;
				CLANG_CXX_LANGUAGE_STANDARD = "gnu++20";
				CLANG_ENABLE_MODULES = YES;
				CLANG_ENABLE_OBJC_ARC = YES;
				CLANG_ENABLE_OBJC_WEAK = YES;
				CLANG_WARN_BLOCK_CAPTURE_AUTORELEASING = YES;
				CLANG_WARN_BOOL_CONVERSION = YES;
				CLANG_WARN_COMMA = YES;
				CLANG_WARN_CONSTANT_CONVERSION = YES;
				CLANG_WARN_DEPRECATED_OBJC_IMPLEMENTATIONS = YES;
				CLANG_WARN_DIRECT_OBJC_ISA_USAGE = YES_ERROR;
				CLANG_WARN_DOCUMENTATION_COMMENTS = YES;
				CLANG_WARN_EMPTY_BODY = YES;
				CLANG_WARN_ENUM_CONVERSION = YES;
				CLANG_WARN_INFINITE_RECURSION = YES;
				CLANG_WARN_INT_CONVERSION = YES;
				CLANG_WARN_NON_LITERAL_NULL_CONVERSION = YES;
				CLANG_WARN_OBJC_IMPLICIT_RETAIN_SELF = YES;
				CLANG_WARN_OBJC_LITERAL_CONVERSION = YES;
				CLANG_WARN_OBJC_ROOT_CLASS = YES_ERROR;
				CLANG_WARN_QUOTED_INCLUDE_IN_FRAMEWORK_HEADER = YES;
				CLANG_WARN_RANGE_LOOP_ANALYSIS = YES;
				CLANG_WARN_STRICT_PROTOTYPES = YES;
				CLANG_WARN_SUSPICIOUS_MOVE = YES;
				CLANG_WARN_UNGUARDED_AVAILABILITY = YES_AGGRESSIVE;
				CLANG_WARN_UNREACHABLE_CODE = YES;
				CLANG_WARN__DUPLICATE_METHOD_MATCH = YES;
				COPY_PHASE_STRIP = NO;
				DEBUG_INFORMATION_FORMAT = dwarf;
				ENABLE_STRICT_OBJC_MSGSEND = YES;
				ENABLE_TESTABILITY = YES;
				ENABLE_USER_SCRIPT_SANDBOXING = YES;
				GCC_C_LANGUAGE_STANDARD = gnu17;
				GCC_DYNAMIC_NO_PIC = NO;
				GCC_NO_COMMON_BLOCKS = YES;
				GCC_OPTIMIZATION_LEVEL = 0;
				GCC_PREPROCESSOR_DEFINITIONS = (
					"DEBUG=1",
					"$(inherited)",
				);
				GCC_WARN_64_TO_32_BIT_CONVERSION = YES;
				GCC_WARN_ABOUT_RETURN_TYPE = YES_ERROR;
				GCC_WARN_UNDECLARED_SELECTOR = YES;
				GCC_WARN_UNINITIALIZED_AUTOS = YES_AGGRESSIVE;
				GCC_WARN_UNUSED_FUNCTION = YES;
				GCC_WARN_UNUSED_VARIABLE = YES;
				IPHONEOS_DEPLOYMENT_TARGET = 17.5;
				LOCALIZATION_PREFERS_STRING_CATALOGS = YES;
				MTL_ENABLE_DEBUG_INFO = INCLUDE_SOURCE;
				MTL_FAST_MATH = YES;
				ONLY_ACTIVE_ARCH = YES;
				SDKROOT = iphoneos;
				SWIFT_ACTIVE_COMPILATION_CONDITIONS = "DEBUG $(inherited)";
				SWIFT_OPTIMIZATION_LEVEL = "-Onone";
			};
			name = Debug;
		};
		56EC70B92C0242F6005F8C6E /* Release */ = {
			isa = XCBuildConfiguration;
			buildSettings = {
				ALWAYS_SEARCH_USER_PATHS = NO;
				ASSETCATALOG_COMPILER_GENERATE_SWIFT_ASSET_SYMBOL_EXTENSIONS = YES;
				CLANG_ANALYZER_NONNULL = YES;
				CLANG_ANALYZER_NUMBER_OBJECT_CONVERSION = YES_AGGRESSIVE;
				CLANG_CXX_LANGUAGE_STANDARD = "gnu++20";
				CLANG_ENABLE_MODULES = YES;
				CLANG_ENABLE_OBJC_ARC = YES;
				CLANG_ENABLE_OBJC_WEAK = YES;
				CLANG_WARN_BLOCK_CAPTURE_AUTORELEASING = YES;
				CLANG_WARN_BOOL_CONVERSION = YES;
				CLANG_WARN_COMMA = YES;
				CLANG_WARN_CONSTANT_CONVERSION = YES;
				CLANG_WARN_DEPRECATED_OBJC_IMPLEMENTATIONS = YES;
				CLANG_WARN_DIRECT_OBJC_ISA_USAGE = YES_ERROR;
				CLANG_WARN_DOCUMENTATION_COMMENTS = YES;
				CLANG_WARN_EMPTY_BODY = YES;
				CLANG_WARN_ENUM_CONVERSION = YES;
				CLANG_WARN_INFINITE_RECURSION = YES;
				CLANG_WARN_INT_CONVERSION = YES;
				CLANG_WARN_NON_LITERAL_NULL_CONVERSION = YES;
				CLANG_WARN_OBJC_IMPLICIT_RETAIN_SELF = YES;
				CLANG_WARN_OBJC_LITERAL_CONVERSION = YES;
				CLANG_WARN_OBJC_ROOT_CLASS = YES_ERROR;
				CLANG_WARN_QUOTED_INCLUDE_IN_FRAMEWORK_HEADER = YES;
				CLANG_WARN_RANGE_LOOP_ANALYSIS = YES;
				CLANG_WARN_STRICT_PROTOTYPES = YES;
				CLANG_WARN_SUSPICIOUS_MOVE = YES;
				CLANG_WARN_UNGUARDED_AVAILABILITY = YES_AGGRESSIVE;
				CLANG_WARN_UNREACHABLE_CODE = YES;
				CLANG_WARN__DUPLICATE_METHOD_MATCH = YES;
				COPY_PHASE_STRIP = NO;
				DEBUG_INFORMATION_FORMAT = "dwarf-with-dsym";
				ENABLE_NS_ASSERTIONS = NO;
				ENABLE_STRICT_OBJC_MSGSEND = YES;
				ENABLE_USER_SCRIPT_SANDBOXING = YES;
				GCC_C_LANGUAGE_STANDARD = gnu17;
				GCC_NO_COMMON_BLOCKS = YES;
				GCC_WARN_64_TO_32_BIT_CONVERSION = YES;
				GCC_WARN_ABOUT_RETURN_TYPE = YES_ERROR;
				GCC_WARN_UNDECLARED_SELECTOR = YES;
				GCC_WARN_UNINITIALIZED_AUTOS = YES_AGGRESSIVE;
				GCC_WARN_UNUSED_FUNCTION = YES;
				GCC_WARN_UNUSED_VARIABLE = YES;
				IPHONEOS_DEPLOYMENT_TARGET = 17.5;
				LOCALIZATION_PREFERS_STRING_CATALOGS = YES;
				MTL_ENABLE_DEBUG_INFO = NO;
				MTL_FAST_MATH = YES;
				SDKROOT = iphoneos;
				SWIFT_COMPILATION_MODE = wholemodule;
				VALIDATE_PRODUCT = YES;
			};
			name = Release;
		};
		56EC70BB2C0242F6005F8C6E /* Debug */ = {
			isa = XCBuildConfiguration;
			buildSettings = {
				ASSETCATALOG_COMPILER_APPICON_NAME = AppIcon;
				ASSETCATALOG_COMPILER_GLOBAL_ACCENT_COLOR_NAME = AccentColor;
				CODE_SIGN_STYLE = Automatic;
				CURRENT_PROJECT_VERSION = 1;
				GENERATE_INFOPLIST_FILE = YES;
				INFOPLIST_FILE = "CPSC5330 Assignment 1/Info.plist";
				INFOPLIST_KEY_UIApplicationSupportsIndirectInputEvents = YES;
				INFOPLIST_KEY_UILaunchStoryboardName = LaunchScreen;
				INFOPLIST_KEY_UIMainStoryboardFile = Main;
				INFOPLIST_KEY_UISupportedInterfaceOrientations_iPad = "UIInterfaceOrientationPortrait UIInterfaceOrientationPortraitUpsideDown UIInterfaceOrientationLandscapeLeft UIInterfaceOrientationLandscapeRight";
				INFOPLIST_KEY_UISupportedInterfaceOrientations_iPhone = "UIInterfaceOrientationPortrait UIInterfaceOrientationLandscapeLeft UIInterfaceOrientationLandscapeRight";
				IPHONEOS_DEPLOYMENT_TARGET = 16.0;
				LD_RUNPATH_SEARCH_PATHS = (
					"$(inherited)",
					"@executable_path/Frameworks",
				);
				MARKETING_VERSION = 1.0;
				PRODUCT_BUNDLE_IDENTIFIER = "csp0015.CPSC5330-Assignment-1";
				PRODUCT_NAME = "$(TARGET_NAME)";
				SWIFT_EMIT_LOC_STRINGS = YES;
				SWIFT_VERSION = 5.0;
				TARGETED_DEVICE_FAMILY = "1,2";
			};
			name = Debug;
		};
		56EC70BC2C0242F6005F8C6E /* Release */ = {
			isa = XCBuildConfiguration;
			buildSettings = {
				ASSETCATALOG_COMPILER_APPICON_NAME = AppIcon;
				ASSETCATALOG_COMPILER_GLOBAL_ACCENT_COLOR_NAME = AccentColor;
				CODE_SIGN_STYLE = Automatic;
				CURRENT_PROJECT_VERSION = 1;
				GENERATE_INFOPLIST_FILE = YES;
				INFOPLIST_FILE = "CPSC5330 Assignment 1/Info.plist";
				INFOPLIST_KEY_UIApplicationSupportsIndirectInputEvents = YES;
				INFOPLIST_KEY_UILaunchStoryboardName = LaunchScreen;
				INFOPLIST_KEY_UIMainStoryboardFile = Main;
				INFOPLIST_KEY_UISupportedInterfaceOrientations_iPad = "UIInterfaceOrientationPortrait UIInterfaceOrientationPortraitUpsideDown UIInterfaceOrientationLandscapeLeft UIInterfaceOrientationLandscapeRight";
				INFOPLIST_KEY_UISupportedInterfaceOrientations_iPhone = "UIInterfaceOrientationPortrait UIInterfaceOrientationLandscapeLeft UIInterfaceOrientationLandscapeRight";
				IPHONEOS_DEPLOYMENT_TARGET = 16.0;
				LD_RUNPATH_SEARCH_PATHS = (
					"$(inherited)",
					"@executable_path/Frameworks",
				);
				MARKETING_VERSION = 1.0;
				PRODUCT_BUNDLE_IDENTIFIER = "csp0015.CPSC5330-Assignment-1";
				PRODUCT_NAME = "$(TARGET_NAME)";
				SWIFT_EMIT_LOC_STRINGS = YES;
				SWIFT_VERSION = 5.0;
				TARGETED_DEVICE_FAMILY = "1,2";
			};
			name = Release;
		};
		56EC70BE2C0242F6005F8C6E /* Debug */ = {
			isa = XCBuildConfiguration;
			buildSettings = {
				ALWAYS_EMBED_SWIFT_STANDARD_LIBRARIES = YES;
				BUNDLE_LOADER = "$(TEST_HOST)";
				CODE_SIGN_STYLE = Automatic;
				CURRENT_PROJECT_VERSION = 1;
				GENERATE_INFOPLIST_FILE = YES;
				IPHONEOS_DEPLOYMENT_TARGET = 17.5;
				MARKETING_VERSION = 1.0;
				PRODUCT_BUNDLE_IDENTIFIER = "csp0015.CPSC5330-Assignment-1Tests";
				PRODUCT_NAME = "$(TARGET_NAME)";
				SWIFT_EMIT_LOC_STRINGS = NO;
				SWIFT_VERSION = 5.0;
				TARGETED_DEVICE_FAMILY = "1,2";
				TEST_HOST = "$(BUILT_PRODUCTS_DIR)/CPSC5330 Assignment 1.app/$(BUNDLE_EXECUTABLE_FOLDER_PATH)/CPSC5330 Assignment 1";
			};
			name = Debug;
		};
		56EC70BF2C0242F6005F8C6E /* Release */ = {
			isa = XCBuildConfiguration;
			buildSettings = {
				ALWAYS_EMBED_SWIFT_STANDARD_LIBRARIES = YES;
				BUNDLE_LOADER = "$(TEST_HOST)";
				CODE_SIGN_STYLE = Automatic;
				CURRENT_PROJECT_VERSION = 1;
				GENERATE_INFOPLIST_FILE = YES;
				IPHONEOS_DEPLOYMENT_TARGET = 17.5;
				MARKETING_VERSION = 1.0;
				PRODUCT_BUNDLE_IDENTIFIER = "csp0015.CPSC5330-Assignment-1Tests";
				PRODUCT_NAME = "$(TARGET_NAME)";
				SWIFT_EMIT_LOC_STRINGS = NO;
				SWIFT_VERSION = 5.0;
				TARGETED_DEVICE_FAMILY = "1,2";
				TEST_HOST = "$(BUILT_PRODUCTS_DIR)/CPSC5330 Assignment 1.app/$(BUNDLE_EXECUTABLE_FOLDER_PATH)/CPSC5330 Assignment 1";
			};
			name = Release;
		};
		56EC70C12C0242F6005F8C6E /* Debug */ = {
			isa = XCBuildConfiguration;
			buildSettings = {
				ALWAYS_EMBED_SWIFT_STANDARD_LIBRARIES = YES;
				CODE_SIGN_STYLE = Automatic;
				CURRENT_PROJECT_VERSION = 1;
				GENERATE_INFOPLIST_FILE = YES;
				MARKETING_VERSION = 1.0;
				PRODUCT_BUNDLE_IDENTIFIER = "csp0015.CPSC5330-Assignment-1UITests";
				PRODUCT_NAME = "$(TARGET_NAME)";
				SWIFT_EMIT_LOC_STRINGS = NO;
				SWIFT_VERSION = 5.0;
				TARGETED_DEVICE_FAMILY = "1,2";
				TEST_TARGET_NAME = "CPSC5330 Assignment 1";
			};
			name = Debug;
		};
		56EC70C22C0242F6005F8C6E /* Release */ = {
			isa = XCBuildConfiguration;
			buildSettings = {
				ALWAYS_EMBED_SWIFT_STANDARD_LIBRARIES = YES;
				CODE_SIGN_STYLE = Automatic;
				CURRENT_PROJECT_VERSION = 1;
				GENERATE_INFOPLIST_FILE = YES;
				MARKETING_VERSION = 1.0;
				PRODUCT_BUNDLE_IDENTIFIER = "csp0015.CPSC5330-Assignment-1UITests";
				PRODUCT_NAME = "$(TARGET_NAME)";
				SWIFT_EMIT_LOC_STRINGS = NO;
				SWIFT_VERSION = 5.0;
				TARGETED_DEVICE_FAMILY = "1,2";
				TEST_TARGET_NAME = "CPSC5330 Assignment 1";
			};
			name = Release;
		};
/* End XCBuildConfiguration section */

/* Begin XCConfigurationList section */
		56EC708B2C0242F4005F8C6E /* Build configuration list for PBXProject "CPSC5330 Assignment 1" */ = {
			isa = XCConfigurationList;
			buildConfigurations = (
				56EC70B82C0242F6005F8C6E /* Debug */,
				56EC70B92C0242F6005F8C6E /* Release */,
			);
			defaultConfigurationIsVisible = 0;
			defaultConfigurationName = Release;
		};
		56EC70BA2C0242F6005F8C6E /* Build configuration list for PBXNativeTarget "CPSC5330 Assignment 1" */ = {
			isa = XCConfigurationList;
			buildConfigurations = (
				56EC70BB2C0242F6005F8C6E /* Debug */,
				56EC70BC2C0242F6005F8C6E /* Release */,
			);
			defaultConfigurationIsVisible = 0;
			defaultConfigurationName = Release;
		};
		56EC70BD2C0242F6005F8C6E /* Build configuration list for PBXNativeTarget "CPSC5330 Assignment 1Tests" */ = {
			isa = XCConfigurationList;
			buildConfigurations = (
				56EC70BE2C0242F6005F8C6E /* Debug */,
				56EC70BF2C0242F6005F8C6E /* Release */,
			);
			defaultConfigurationIsVisible = 0;
			defaultConfigurationName = Release;
		};
		56EC70C02C0242F6005F8C6E /* Build configuration list for PBXNativeTarget "CPSC5330 Assignment 1UITests" */ = {
			isa = XCConfigurationList;
			buildConfigurations = (
				56EC70C12C0242F6005F8C6E /* Debug */,
				56EC70C22C0242F6005F8C6E /* Release */,
			);
			defaultConfigurationIsVisible = 0;
			defaultConfigurationName = Release;
		};
/* End XCConfigurationList section */
	};
	rootObject = 56EC70882C0242F4005F8C6E /* Project object */;
}
